// !$*UTF8*$!
{
	archiveVersion = 1;
	classes = {
	};
	objectVersion = 48;
	objects = {

/* Begin PBXBuildFile section */
		2EA41DE848890EF4EE2D3BBA /* Pods_joinusUITests.framework in Frameworks */ = {isa = PBXBuildFile; fileRef = 216B3CC46565BFFD4AFF0DA5 /* Pods_joinusUITests.framework */; };
		938D91E2C9B98367C9D30C75 /* Pods_joinusTests.framework in Frameworks */ = {isa = PBXBuildFile; fileRef = 277B11335D15B240EC602511 /* Pods_joinusTests.framework */; };
		A27A891D115919B211DEACE7 /* Pods_joinus.framework in Frameworks */ = {isa = PBXBuildFile; fileRef = 127A58582D752D8AA4478F45 /* Pods_joinus.framework */; };
		DA9518991F723B1B0072ED4B /* AppDelegate.swift in Sources */ = {isa = PBXBuildFile; fileRef = DA9518981F723B1B0072ED4B /* AppDelegate.swift */; };
		DA95189B1F723B1B0072ED4B /* ViewController.swift in Sources */ = {isa = PBXBuildFile; fileRef = DA95189A1F723B1B0072ED4B /* ViewController.swift */; };
		DA95189E1F723B1B0072ED4B /* Main.storyboard in Resources */ = {isa = PBXBuildFile; fileRef = DA95189C1F723B1B0072ED4B /* Main.storyboard */; };
		DA9518A01F723B1B0072ED4B /* Assets.xcassets in Resources */ = {isa = PBXBuildFile; fileRef = DA95189F1F723B1B0072ED4B /* Assets.xcassets */; };
		DA9518A31F723B1B0072ED4B /* LaunchScreen.storyboard in Resources */ = {isa = PBXBuildFile; fileRef = DA9518A11F723B1B0072ED4B /* LaunchScreen.storyboard */; };
		DA9518AE1F723B1B0072ED4B /* joinusTests.swift in Sources */ = {isa = PBXBuildFile; fileRef = DA9518AD1F723B1B0072ED4B /* joinusTests.swift */; };
		DA9518B91F723B1B0072ED4B /* joinusUITests.swift in Sources */ = {isa = PBXBuildFile; fileRef = DA9518B81F723B1B0072ED4B /* joinusUITests.swift */; };
		DA9518C71F723BE00072ED4B /* Activity.swift in Sources */ = {isa = PBXBuildFile; fileRef = DA9518C61F723BE00072ED4B /* Activity.swift */; };
		DA9518C91F7367590072ED4B /* ActivityViewController.swift in Sources */ = {isa = PBXBuildFile; fileRef = DA9518C81F7367590072ED4B /* ActivityViewController.swift */; };
		DA9518CB1F74D80A0072ED4B /* ActiveTableViewCell.swift in Sources */ = {isa = PBXBuildFile; fileRef = DA9518CA1F74D80A0072ED4B /* ActiveTableViewCell.swift */; };
		DA9518CD1F772F470072ED4B /* ActivityDetailViewController.swift in Sources */ = {isa = PBXBuildFile; fileRef = DA9518CC1F772F470072ED4B /* ActivityDetailViewController.swift */; };
/* End PBXBuildFile section */

/* Begin PBXContainerItemProxy section */
		DA9518AA1F723B1B0072ED4B /* PBXContainerItemProxy */ = {
			isa = PBXContainerItemProxy;
			containerPortal = DA95188D1F723B1B0072ED4B /* Project object */;
			proxyType = 1;
			remoteGlobalIDString = DA9518941F723B1B0072ED4B;
			remoteInfo = joinus;
		};
		DA9518B51F723B1B0072ED4B /* PBXContainerItemProxy */ = {
			isa = PBXContainerItemProxy;
			containerPortal = DA95188D1F723B1B0072ED4B /* Project object */;
			proxyType = 1;
			remoteGlobalIDString = DA9518941F723B1B0072ED4B;
			remoteInfo = joinus;
		};
/* End PBXContainerItemProxy section */

/* Begin PBXFileReference section */
		118880BE9A245EBA27385CC1 /* Pods-joinusTests.debug.xcconfig */ = {isa = PBXFileReference; includeInIndex = 1; lastKnownFileType = text.xcconfig; name = "Pods-joinusTests.debug.xcconfig"; path = "Pods/Target Support Files/Pods-joinusTests/Pods-joinusTests.debug.xcconfig"; sourceTree = "<group>"; };
		127A58582D752D8AA4478F45 /* Pods_joinus.framework */ = {isa = PBXFileReference; explicitFileType = wrapper.framework; includeInIndex = 0; path = Pods_joinus.framework; sourceTree = BUILT_PRODUCTS_DIR; };
		216B3CC46565BFFD4AFF0DA5 /* Pods_joinusUITests.framework */ = {isa = PBXFileReference; explicitFileType = wrapper.framework; includeInIndex = 0; path = Pods_joinusUITests.framework; sourceTree = BUILT_PRODUCTS_DIR; };
		277B11335D15B240EC602511 /* Pods_joinusTests.framework */ = {isa = PBXFileReference; explicitFileType = wrapper.framework; includeInIndex = 0; path = Pods_joinusTests.framework; sourceTree = BUILT_PRODUCTS_DIR; };
		3FB5F69D08A1549FB4324674 /* Pods-joinusUITests.release.xcconfig */ = {isa = PBXFileReference; includeInIndex = 1; lastKnownFileType = text.xcconfig; name = "Pods-joinusUITests.release.xcconfig"; path = "Pods/Target Support Files/Pods-joinusUITests/Pods-joinusUITests.release.xcconfig"; sourceTree = "<group>"; };
		4C36797816EF3178686048F5 /* Pods-joinus.release.xcconfig */ = {isa = PBXFileReference; includeInIndex = 1; lastKnownFileType = text.xcconfig; name = "Pods-joinus.release.xcconfig"; path = "Pods/Target Support Files/Pods-joinus/Pods-joinus.release.xcconfig"; sourceTree = "<group>"; };
		7ABC16C06650D7723079E6EB /* Pods-joinusTests.release.xcconfig */ = {isa = PBXFileReference; includeInIndex = 1; lastKnownFileType = text.xcconfig; name = "Pods-joinusTests.release.xcconfig"; path = "Pods/Target Support Files/Pods-joinusTests/Pods-joinusTests.release.xcconfig"; sourceTree = "<group>"; };
		985E60EFDBC2683ACC88FC28 /* Pods-joinusUITests.debug.xcconfig */ = {isa = PBXFileReference; includeInIndex = 1; lastKnownFileType = text.xcconfig; name = "Pods-joinusUITests.debug.xcconfig"; path = "Pods/Target Support Files/Pods-joinusUITests/Pods-joinusUITests.debug.xcconfig"; sourceTree = "<group>"; };
		A1B65EBDF22980C023B425CF /* Pods-joinus.debug.xcconfig */ = {isa = PBXFileReference; includeInIndex = 1; lastKnownFileType = text.xcconfig; name = "Pods-joinus.debug.xcconfig"; path = "Pods/Target Support Files/Pods-joinus/Pods-joinus.debug.xcconfig"; sourceTree = "<group>"; };
		DA9518951F723B1B0072ED4B /* joinus.app */ = {isa = PBXFileReference; explicitFileType = wrapper.application; includeInIndex = 0; path = joinus.app; sourceTree = BUILT_PRODUCTS_DIR; };
		DA9518981F723B1B0072ED4B /* AppDelegate.swift */ = {isa = PBXFileReference; lastKnownFileType = sourcecode.swift; path = AppDelegate.swift; sourceTree = "<group>"; };
		DA95189A1F723B1B0072ED4B /* ViewController.swift */ = {isa = PBXFileReference; lastKnownFileType = sourcecode.swift; path = ViewController.swift; sourceTree = "<group>"; };
		DA95189D1F723B1B0072ED4B /* Base */ = {isa = PBXFileReference; lastKnownFileType = file.storyboard; name = Base; path = Base.lproj/Main.storyboard; sourceTree = "<group>"; };
		DA95189F1F723B1B0072ED4B /* Assets.xcassets */ = {isa = PBXFileReference; lastKnownFileType = folder.assetcatalog; path = Assets.xcassets; sourceTree = "<group>"; };
		DA9518A21F723B1B0072ED4B /* Base */ = {isa = PBXFileReference; lastKnownFileType = file.storyboard; name = Base; path = Base.lproj/LaunchScreen.storyboard; sourceTree = "<group>"; };
		DA9518A41F723B1B0072ED4B /* Info.plist */ = {isa = PBXFileReference; lastKnownFileType = text.plist.xml; path = Info.plist; sourceTree = "<group>"; };
		DA9518A91F723B1B0072ED4B /* joinusTests.xctest */ = {isa = PBXFileReference; explicitFileType = wrapper.cfbundle; includeInIndex = 0; path = joinusTests.xctest; sourceTree = BUILT_PRODUCTS_DIR; };
		DA9518AD1F723B1B0072ED4B /* joinusTests.swift */ = {isa = PBXFileReference; lastKnownFileType = sourcecode.swift; path = joinusTests.swift; sourceTree = "<group>"; };
		DA9518AF1F723B1B0072ED4B /* Info.plist */ = {isa = PBXFileReference; lastKnownFileType = text.plist.xml; path = Info.plist; sourceTree = "<group>"; };
		DA9518B41F723B1B0072ED4B /* joinusUITests.xctest */ = {isa = PBXFileReference; explicitFileType = wrapper.cfbundle; includeInIndex = 0; path = joinusUITests.xctest; sourceTree = BUILT_PRODUCTS_DIR; };
		DA9518B81F723B1B0072ED4B /* joinusUITests.swift */ = {isa = PBXFileReference; lastKnownFileType = sourcecode.swift; path = joinusUITests.swift; sourceTree = "<group>"; };
		DA9518BA1F723B1B0072ED4B /* Info.plist */ = {isa = PBXFileReference; lastKnownFileType = text.plist.xml; path = Info.plist; sourceTree = "<group>"; };
		DA9518C61F723BE00072ED4B /* Activity.swift */ = {isa = PBXFileReference; lastKnownFileType = sourcecode.swift; path = Activity.swift; sourceTree = "<group>"; };
		DA9518C81F7367590072ED4B /* ActivityViewController.swift */ = {isa = PBXFileReference; lastKnownFileType = sourcecode.swift; path = ActivityViewController.swift; sourceTree = "<group>"; };
		DA9518CA1F74D80A0072ED4B /* ActiveTableViewCell.swift */ = {isa = PBXFileReference; lastKnownFileType = sourcecode.swift; path = ActiveTableViewCell.swift; sourceTree = "<group>"; };
		DA9518CC1F772F470072ED4B /* ActivityDetailViewController.swift */ = {isa = PBXFileReference; lastKnownFileType = sourcecode.swift; path = ActivityDetailViewController.swift; sourceTree = "<group>"; };
/* End PBXFileReference section */

/* Begin PBXFrameworksBuildPhase section */
		DA9518921F723B1B0072ED4B /* Frameworks */ = {
			isa = PBXFrameworksBuildPhase;
			buildActionMask = 2147483647;
			files = (
				A27A891D115919B211DEACE7 /* Pods_joinus.framework in Frameworks */,
			);
			runOnlyForDeploymentPostprocessing = 0;
		};
		DA9518A61F723B1B0072ED4B /* Frameworks */ = {
			isa = PBXFrameworksBuildPhase;
			buildActionMask = 2147483647;
			files = (
				938D91E2C9B98367C9D30C75 /* Pods_joinusTests.framework in Frameworks */,
			);
			runOnlyForDeploymentPostprocessing = 0;
		};
		DA9518B11F723B1B0072ED4B /* Frameworks */ = {
			isa = PBXFrameworksBuildPhase;
			buildActionMask = 2147483647;
			files = (
				2EA41DE848890EF4EE2D3BBA /* Pods_joinusUITests.framework in Frameworks */,
			);
			runOnlyForDeploymentPostprocessing = 0;
		};
/* End PBXFrameworksBuildPhase section */

/* Begin PBXGroup section */
		487AE72E4371F39F7EB15BF5 /* Frameworks */ = {
			isa = PBXGroup;
			children = (
				127A58582D752D8AA4478F45 /* Pods_joinus.framework */,
				277B11335D15B240EC602511 /* Pods_joinusTests.framework */,
				216B3CC46565BFFD4AFF0DA5 /* Pods_joinusUITests.framework */,
			);
			name = Frameworks;
			sourceTree = "<group>";
		};
		54ACA26BDEEDCA3F2494FC0D /* Pods */ = {
			isa = PBXGroup;
			children = (
				A1B65EBDF22980C023B425CF /* Pods-joinus.debug.xcconfig */,
				4C36797816EF3178686048F5 /* Pods-joinus.release.xcconfig */,
				118880BE9A245EBA27385CC1 /* Pods-joinusTests.debug.xcconfig */,
				7ABC16C06650D7723079E6EB /* Pods-joinusTests.release.xcconfig */,
				985E60EFDBC2683ACC88FC28 /* Pods-joinusUITests.debug.xcconfig */,
				3FB5F69D08A1549FB4324674 /* Pods-joinusUITests.release.xcconfig */,
			);
			name = Pods;
			sourceTree = "<group>";
		};
		DA95188C1F723B1B0072ED4B = {
			isa = PBXGroup;
			children = (
				DA9518971F723B1B0072ED4B /* joinus */,
				DA9518AC1F723B1B0072ED4B /* joinusTests */,
				DA9518B71F723B1B0072ED4B /* joinusUITests */,
				DA9518961F723B1B0072ED4B /* Products */,
				54ACA26BDEEDCA3F2494FC0D /* Pods */,
				487AE72E4371F39F7EB15BF5 /* Frameworks */,
			);
			sourceTree = "<group>";
		};
		DA9518961F723B1B0072ED4B /* Products */ = {
			isa = PBXGroup;
			children = (
				DA9518951F723B1B0072ED4B /* joinus.app */,
				DA9518A91F723B1B0072ED4B /* joinusTests.xctest */,
				DA9518B41F723B1B0072ED4B /* joinusUITests.xctest */,
			);
			name = Products;
			sourceTree = "<group>";
		};
		DA9518971F723B1B0072ED4B /* joinus */ = {
			isa = PBXGroup;
			children = (
				DA9518C61F723BE00072ED4B /* Activity.swift */,
				DA9518981F723B1B0072ED4B /* AppDelegate.swift */,
				DA95189A1F723B1B0072ED4B /* ViewController.swift */,
				DA95189C1F723B1B0072ED4B /* Main.storyboard */,
				DA95189F1F723B1B0072ED4B /* Assets.xcassets */,
				DA9518A11F723B1B0072ED4B /* LaunchScreen.storyboard */,
				DA9518A41F723B1B0072ED4B /* Info.plist */,
				DA9518C81F7367590072ED4B /* ActivityViewController.swift */,
				DA9518CA1F74D80A0072ED4B /* ActiveTableViewCell.swift */,
				DA9518CC1F772F470072ED4B /* ActivityDetailViewController.swift */,
			);
			path = joinus;
			sourceTree = "<group>";
		};
		DA9518AC1F723B1B0072ED4B /* joinusTests */ = {
			isa = PBXGroup;
			children = (
				DA9518AD1F723B1B0072ED4B /* joinusTests.swift */,
				DA9518AF1F723B1B0072ED4B /* Info.plist */,
			);
			path = joinusTests;
			sourceTree = "<group>";
		};
		DA9518B71F723B1B0072ED4B /* joinusUITests */ = {
			isa = PBXGroup;
			children = (
				DA9518B81F723B1B0072ED4B /* joinusUITests.swift */,
				DA9518BA1F723B1B0072ED4B /* Info.plist */,
			);
			path = joinusUITests;
			sourceTree = "<group>";
		};
/* End PBXGroup section */

/* Begin PBXNativeTarget section */
		DA9518941F723B1B0072ED4B /* joinus */ = {
			isa = PBXNativeTarget;
			buildConfigurationList = DA9518BD1F723B1B0072ED4B /* Build configuration list for PBXNativeTarget "joinus" */;
			buildPhases = (
				B4E303B65F6C77236548714E /* [CP] Check Pods Manifest.lock */,
				DA9518911F723B1B0072ED4B /* Sources */,
				DA9518921F723B1B0072ED4B /* Frameworks */,
				DA9518931F723B1B0072ED4B /* Resources */,
				5373285B52501836AA5B2CB4 /* [CP] Embed Pods Frameworks */,
				A1A4E855CE1074E885735E74 /* [CP] Copy Pods Resources */,
			);
			buildRules = (
			);
			dependencies = (
			);
			name = joinus;
			productName = joinus;
			productReference = DA9518951F723B1B0072ED4B /* joinus.app */;
			productType = "com.apple.product-type.application";
		};
		DA9518A81F723B1B0072ED4B /* joinusTests */ = {
			isa = PBXNativeTarget;
			buildConfigurationList = DA9518C01F723B1B0072ED4B /* Build configuration list for PBXNativeTarget "joinusTests" */;
			buildPhases = (
				3A298396B9EA386AE33029BB /* [CP] Check Pods Manifest.lock */,
				DA9518A51F723B1B0072ED4B /* Sources */,
				DA9518A61F723B1B0072ED4B /* Frameworks */,
				DA9518A71F723B1B0072ED4B /* Resources */,
				F67CBF0686EDCC1685A5F036 /* [CP] Embed Pods Frameworks */,
				6856074D17957873BACC9406 /* [CP] Copy Pods Resources */,
			);
			buildRules = (
			);
			dependencies = (
				DA9518AB1F723B1B0072ED4B /* PBXTargetDependency */,
			);
			name = joinusTests;
			productName = joinusTests;
			productReference = DA9518A91F723B1B0072ED4B /* joinusTests.xctest */;
			productType = "com.apple.product-type.bundle.unit-test";
		};
		DA9518B31F723B1B0072ED4B /* joinusUITests */ = {
			isa = PBXNativeTarget;
			buildConfigurationList = DA9518C31F723B1B0072ED4B /* Build configuration list for PBXNativeTarget "joinusUITests" */;
			buildPhases = (
				68E8936B7ED6B8F46B89151D /* [CP] Check Pods Manifest.lock */,
				DA9518B01F723B1B0072ED4B /* Sources */,
				DA9518B11F723B1B0072ED4B /* Frameworks */,
				DA9518B21F723B1B0072ED4B /* Resources */,
				20D61BFB638798B5E92C7ED4 /* [CP] Embed Pods Frameworks */,
				DEEC232BE7696C4208C88A78 /* [CP] Copy Pods Resources */,
			);
			buildRules = (
			);
			dependencies = (
				DA9518B61F723B1B0072ED4B /* PBXTargetDependency */,
			);
			name = joinusUITests;
			productName = joinusUITests;
			productReference = DA9518B41F723B1B0072ED4B /* joinusUITests.xctest */;
			productType = "com.apple.product-type.bundle.ui-testing";
		};
/* End PBXNativeTarget section */

/* Begin PBXProject section */
		DA95188D1F723B1B0072ED4B /* Project object */ = {
			isa = PBXProject;
			attributes = {
				LastSwiftUpdateCheck = 0900;
				LastUpgradeCheck = 0900;
				ORGANIZATIONNAME = "Joinus Tech";
				TargetAttributes = {
					DA9518941F723B1B0072ED4B = {
						CreatedOnToolsVersion = 9.0;
						ProvisioningStyle = Automatic;
					};
					DA9518A81F723B1B0072ED4B = {
						CreatedOnToolsVersion = 9.0;
						ProvisioningStyle = Automatic;
						TestTargetID = DA9518941F723B1B0072ED4B;
					};
					DA9518B31F723B1B0072ED4B = {
						CreatedOnToolsVersion = 9.0;
						ProvisioningStyle = Automatic;
						TestTargetID = DA9518941F723B1B0072ED4B;
					};
				};
			};
			buildConfigurationList = DA9518901F723B1B0072ED4B /* Build configuration list for PBXProject "joinus" */;
			compatibilityVersion = "Xcode 8.0";
			developmentRegion = en;
			hasScannedForEncodings = 0;
			knownRegions = (
				en,
				Base,
			);
			mainGroup = DA95188C1F723B1B0072ED4B;
			productRefGroup = DA9518961F723B1B0072ED4B /* Products */;
			projectDirPath = "";
			projectRoot = "";
			targets = (
				DA9518941F723B1B0072ED4B /* joinus */,
				DA9518A81F723B1B0072ED4B /* joinusTests */,
				DA9518B31F723B1B0072ED4B /* joinusUITests */,
			);
		};
/* End PBXProject section */

/* Begin PBXResourcesBuildPhase section */
		DA9518931F723B1B0072ED4B /* Resources */ = {
			isa = PBXResourcesBuildPhase;
			buildActionMask = 2147483647;
			files = (
				DA9518A31F723B1B0072ED4B /* LaunchScreen.storyboard in Resources */,
				DA9518A01F723B1B0072ED4B /* Assets.xcassets in Resources */,
				DA95189E1F723B1B0072ED4B /* Main.storyboard in Resources */,
			);
			runOnlyForDeploymentPostprocessing = 0;
		};
		DA9518A71F723B1B0072ED4B /* Resources */ = {
			isa = PBXResourcesBuildPhase;
			buildActionMask = 2147483647;
			files = (
			);
			runOnlyForDeploymentPostprocessing = 0;
		};
		DA9518B21F723B1B0072ED4B /* Resources */ = {
			isa = PBXResourcesBuildPhase;
			buildActionMask = 2147483647;
			files = (
			);
			runOnlyForDeploymentPostprocessing = 0;
		};
/* End PBXResourcesBuildPhase section */

/* Begin PBXShellScriptBuildPhase section */
		20D61BFB638798B5E92C7ED4 /* [CP] Embed Pods Frameworks */ = {
			isa = PBXShellScriptBuildPhase;
			buildActionMask = 2147483647;
			files = (
			);
			inputPaths = (
			);
			name = "[CP] Embed Pods Frameworks";
			outputPaths = (
			);
			runOnlyForDeploymentPostprocessing = 0;
			shellPath = /bin/sh;
			shellScript = "\"${SRCROOT}/Pods/Target Support Files/Pods-joinusUITests/Pods-joinusUITests-frameworks.sh\"\n";
			showEnvVarsInLog = 0;
		};
		3A298396B9EA386AE33029BB /* [CP] Check Pods Manifest.lock */ = {
			isa = PBXShellScriptBuildPhase;
			buildActionMask = 2147483647;
			files = (
			);
			inputPaths = (
				"${PODS_PODFILE_DIR_PATH}/Podfile.lock",
				"${PODS_ROOT}/Manifest.lock",
			);
			name = "[CP] Check Pods Manifest.lock";
			outputPaths = (
				"$(DERIVED_FILE_DIR)/Pods-joinusTests-checkManifestLockResult.txt",
			);
			runOnlyForDeploymentPostprocessing = 0;
			shellPath = /bin/sh;
			shellScript = "diff \"${PODS_PODFILE_DIR_PATH}/Podfile.lock\" \"${PODS_ROOT}/Manifest.lock\" > /dev/null\nif [ $? != 0 ] ; then\n    # print error to STDERR\n    echo \"error: The sandbox is not in sync with the Podfile.lock. Run 'pod install' or update your CocoaPods installation.\" >&2\n    exit 1\nfi\n# This output is used by Xcode 'outputs' to avoid re-running this script phase.\necho \"SUCCESS\" > \"${SCRIPT_OUTPUT_FILE_0}\"\n";
			showEnvVarsInLog = 0;
		};
		5373285B52501836AA5B2CB4 /* [CP] Embed Pods Frameworks */ = {
			isa = PBXShellScriptBuildPhase;
			buildActionMask = 2147483647;
			files = (
			);
			inputPaths = (
				"${SRCROOT}/Pods/Target Support Files/Pods-joinus/Pods-joinus-frameworks.sh",
				"${BUILT_PRODUCTS_DIR}/Alamofire/Alamofire.framework",
			);
			name = "[CP] Embed Pods Frameworks";
			outputPaths = (
				"${TARGET_BUILD_DIR}/${FRAMEWORKS_FOLDER_PATH}/Alamofire.framework",
			);
			runOnlyForDeploymentPostprocessing = 0;
			shellPath = /bin/sh;
			shellScript = "\"${SRCROOT}/Pods/Target Support Files/Pods-joinus/Pods-joinus-frameworks.sh\"\n";
			showEnvVarsInLog = 0;
		};
		6856074D17957873BACC9406 /* [CP] Copy Pods Resources */ = {
			isa = PBXShellScriptBuildPhase;
			buildActionMask = 2147483647;
			files = (
			);
			inputPaths = (
			);
			name = "[CP] Copy Pods Resources";
			outputPaths = (
			);
			runOnlyForDeploymentPostprocessing = 0;
			shellPath = /bin/sh;
			shellScript = "\"${SRCROOT}/Pods/Target Support Files/Pods-joinusTests/Pods-joinusTests-resources.sh\"\n";
			showEnvVarsInLog = 0;
		};
		68E8936B7ED6B8F46B89151D /* [CP] Check Pods Manifest.lock */ = {
			isa = PBXShellScriptBuildPhase;
			buildActionMask = 2147483647;
			files = (
			);
			inputPaths = (
				"${PODS_PODFILE_DIR_PATH}/Podfile.lock",
				"${PODS_ROOT}/Manifest.lock",
			);
			name = "[CP] Check Pods Manifest.lock";
			outputPaths = (
				"$(DERIVED_FILE_DIR)/Pods-joinusUITests-checkManifestLockResult.txt",
			);
			runOnlyForDeploymentPostprocessing = 0;
			shellPath = /bin/sh;
			shellScript = "diff \"${PODS_PODFILE_DIR_PATH}/Podfile.lock\" \"${PODS_ROOT}/Manifest.lock\" > /dev/null\nif [ $? != 0 ] ; then\n    # print error to STDERR\n    echo \"error: The sandbox is not in sync with the Podfile.lock. Run 'pod install' or update your CocoaPods installation.\" >&2\n    exit 1\nfi\n# This output is used by Xcode 'outputs' to avoid re-running this script phase.\necho \"SUCCESS\" > \"${SCRIPT_OUTPUT_FILE_0}\"\n";
			showEnvVarsInLog = 0;
		};
		A1A4E855CE1074E885735E74 /* [CP] Copy Pods Resources */ = {
			isa = PBXShellScriptBuildPhase;
			buildActionMask = 2147483647;
			files = (
			);
			inputPaths = (
			);
			name = "[CP] Copy Pods Resources";
			outputPaths = (
			);
			runOnlyForDeploymentPostprocessing = 0;
			shellPath = /bin/sh;
			shellScript = "\"${SRCROOT}/Pods/Target Support Files/Pods-joinus/Pods-joinus-resources.sh\"\n";
			showEnvVarsInLog = 0;
		};
		B4E303B65F6C77236548714E /* [CP] Check Pods Manifest.lock */ = {
			isa = PBXShellScriptBuildPhase;
			buildActionMask = 2147483647;
			files = (
			);
			inputPaths = (
				"${PODS_PODFILE_DIR_PATH}/Podfile.lock",
				"${PODS_ROOT}/Manifest.lock",
			);
			name = "[CP] Check Pods Manifest.lock";
			outputPaths = (
				"$(DERIVED_FILE_DIR)/Pods-joinus-checkManifestLockResult.txt",
			);
			runOnlyForDeploymentPostprocessing = 0;
			shellPath = /bin/sh;
			shellScript = "diff \"${PODS_PODFILE_DIR_PATH}/Podfile.lock\" \"${PODS_ROOT}/Manifest.lock\" > /dev/null\nif [ $? != 0 ] ; then\n    # print error to STDERR\n    echo \"error: The sandbox is not in sync with the Podfile.lock. Run 'pod install' or update your CocoaPods installation.\" >&2\n    exit 1\nfi\n# This output is used by Xcode 'outputs' to avoid re-running this script phase.\necho \"SUCCESS\" > \"${SCRIPT_OUTPUT_FILE_0}\"\n";
			showEnvVarsInLog = 0;
		};
		DEEC232BE7696C4208C88A78 /* [CP] Copy Pods Resources */ = {
			isa = PBXShellScriptBuildPhase;
			buildActionMask = 2147483647;
			files = (
			);
			inputPaths = (
			);
			name = "[CP] Copy Pods Resources";
			outputPaths = (
			);
			runOnlyForDeploymentPostprocessing = 0;
			shellPath = /bin/sh;
			shellScript = "\"${SRCROOT}/Pods/Target Support Files/Pods-joinusUITests/Pods-joinusUITests-resources.sh\"\n";
			showEnvVarsInLog = 0;
		};
		F67CBF0686EDCC1685A5F036 /* [CP] Embed Pods Frameworks */ = {
			isa = PBXShellScriptBuildPhase;
			buildActionMask = 2147483647;
			files = (
			);
			inputPaths = (
			);
			name = "[CP] Embed Pods Frameworks";
			outputPaths = (
			);
			runOnlyForDeploymentPostprocessing = 0;
			shellPath = /bin/sh;
			shellScript = "\"${SRCROOT}/Pods/Target Support Files/Pods-joinusTests/Pods-joinusTests-frameworks.sh\"\n";
			showEnvVarsInLog = 0;
		};
/* End PBXShellScriptBuildPhase section */

/* Begin PBXSourcesBuildPhase section */
		DA9518911F723B1B0072ED4B /* Sources */ = {
			isa = PBXSourcesBuildPhase;
			buildActionMask = 2147483647;
			files = (
				DA9518CD1F772F470072ED4B /* ActivityDetailViewController.swift in Sources */,
				DA9518CB1F74D80A0072ED4B /* ActiveTableViewCell.swift in Sources */,
				DA9518C71F723BE00072ED4B /* Activity.swift in Sources */,
				DA95189B1F723B1B0072ED4B /* ViewController.swift in Sources */,
				DA9518991F723B1B0072ED4B /* AppDelegate.swift in Sources */,
				DA9518C91F7367590072ED4B /* ActivityViewController.swift in Sources */,
			);
			runOnlyForDeploymentPostprocessing = 0;
		};
		DA9518A51F723B1B0072ED4B /* Sources */ = {
			isa = PBXSourcesBuildPhase;
			buildActionMask = 2147483647;
			files = (
				DA9518AE1F723B1B0072ED4B /* joinusTests.swift in Sources */,
			);
			runOnlyForDeploymentPostprocessing = 0;
		};
		DA9518B01F723B1B0072ED4B /* Sources */ = {
			isa = PBXSourcesBuildPhase;
			buildActionMask = 2147483647;
			files = (
				DA9518B91F723B1B0072ED4B /* joinusUITests.swift in Sources */,
			);
			runOnlyForDeploymentPostprocessing = 0;
		};
/* End PBXSourcesBuildPhase section */

/* Begin PBXTargetDependency section */
		DA9518AB1F723B1B0072ED4B /* PBXTargetDependency */ = {
			isa = PBXTargetDependency;
			target = DA9518941F723B1B0072ED4B /* joinus */;
			targetProxy = DA9518AA1F723B1B0072ED4B /* PBXContainerItemProxy */;
		};
		DA9518B61F723B1B0072ED4B /* PBXTargetDependency */ = {
			isa = PBXTargetDependency;
			target = DA9518941F723B1B0072ED4B /* joinus */;
			targetProxy = DA9518B51F723B1B0072ED4B /* PBXContainerItemProxy */;
		};
/* End PBXTargetDependency section */

/* Begin PBXVariantGroup section */
		DA95189C1F723B1B0072ED4B /* Main.storyboard */ = {
			isa = PBXVariantGroup;
			children = (
				DA95189D1F723B1B0072ED4B /* Base */,
			);
			name = Main.storyboard;
			sourceTree = "<group>";
		};
		DA9518A11F723B1B0072ED4B /* LaunchScreen.storyboard */ = {
			isa = PBXVariantGroup;
			children = (
				DA9518A21F723B1B0072ED4B /* Base */,
			);
			name = LaunchScreen.storyboard;
			sourceTree = "<group>";
		};
/* End PBXVariantGroup section */

/* Begin XCBuildConfiguration section */
		DA9518BB1F723B1B0072ED4B /* Debug */ = {
			isa = XCBuildConfiguration;
			buildSettings = {
				ALWAYS_SEARCH_USER_PATHS = NO;
				CLANG_ANALYZER_NONNULL = YES;
				CLANG_ANALYZER_NUMBER_OBJECT_CONVERSION = YES_AGGRESSIVE;
				CLANG_CXX_LANGUAGE_STANDARD = "gnu++14";
				CLANG_CXX_LIBRARY = "libc++";
				CLANG_ENABLE_MODULES = YES;
				CLANG_ENABLE_OBJC_ARC = YES;
				CLANG_WARN_BLOCK_CAPTURE_AUTORELEASING = YES;
				CLANG_WARN_BOOL_CONVERSION = YES;
				CLANG_WARN_COMMA = YES;
				CLANG_WARN_CONSTANT_CONVERSION = YES;
				CLANG_WARN_DIRECT_OBJC_ISA_USAGE = YES_ERROR;
				CLANG_WARN_DOCUMENTATION_COMMENTS = YES;
				CLANG_WARN_EMPTY_BODY = YES;
				CLANG_WARN_ENUM_CONVERSION = YES;
				CLANG_WARN_INFINITE_RECURSION = YES;
				CLANG_WARN_INT_CONVERSION = YES;
				CLANG_WARN_NON_LITERAL_NULL_CONVERSION = YES;
				CLANG_WARN_OBJC_LITERAL_CONVERSION = YES;
				CLANG_WARN_OBJC_ROOT_CLASS = YES_ERROR;
				CLANG_WARN_RANGE_LOOP_ANALYSIS = YES;
				CLANG_WARN_STRICT_PROTOTYPES = YES;
				CLANG_WARN_SUSPICIOUS_MOVE = YES;
				CLANG_WARN_UNGUARDED_AVAILABILITY = YES_AGGRESSIVE;
				CLANG_WARN_UNREACHABLE_CODE = YES;
				CLANG_WARN__DUPLICATE_METHOD_MATCH = YES;
				CODE_SIGN_IDENTITY = "iPhone Developer";
				COPY_PHASE_STRIP = NO;
				DEBUG_INFORMATION_FORMAT = dwarf;
				ENABLE_STRICT_OBJC_MSGSEND = YES;
				ENABLE_TESTABILITY = YES;
				GCC_C_LANGUAGE_STANDARD = gnu11;
				GCC_DYNAMIC_NO_PIC = NO;
				GCC_NO_COMMON_BLOCKS = YES;
				GCC_OPTIMIZATION_LEVEL = 0;
				GCC_PREPROCESSOR_DEFINITIONS = (
					"DEBUG=1",
					"$(inherited)",
				);
				GCC_WARN_64_TO_32_BIT_CONVERSION = YES;
				GCC_WARN_ABOUT_RETURN_TYPE = YES_ERROR;
				GCC_WARN_UNDECLARED_SELECTOR = YES;
				GCC_WARN_UNINITIALIZED_AUTOS = YES_AGGRESSIVE;
				GCC_WARN_UNUSED_FUNCTION = YES;
				GCC_WARN_UNUSED_VARIABLE = YES;
				IPHONEOS_DEPLOYMENT_TARGET = 11.0;
				MTL_ENABLE_DEBUG_INFO = YES;
				ONLY_ACTIVE_ARCH = YES;
				SDKROOT = iphoneos;
				SWIFT_ACTIVE_COMPILATION_CONDITIONS = DEBUG;
				SWIFT_OPTIMIZATION_LEVEL = "-Onone";
			};
			name = Debug;
		};
		DA9518BC1F723B1B0072ED4B /* Release */ = {
			isa = XCBuildConfiguration;
			buildSettings = {
				ALWAYS_SEARCH_USER_PATHS = NO;
				CLANG_ANALYZER_NONNULL = YES;
				CLANG_ANALYZER_NUMBER_OBJECT_CONVERSION = YES_AGGRESSIVE;
				CLANG_CXX_LANGUAGE_STANDARD = "gnu++14";
				CLANG_CXX_LIBRARY = "libc++";
				CLANG_ENABLE_MODULES = YES;
				CLANG_ENABLE_OBJC_ARC = YES;
				CLANG_WARN_BLOCK_CAPTURE_AUTORELEASING = YES;
				CLANG_WARN_BOOL_CONVERSION = YES;
				CLANG_WARN_COMMA = YES;
				CLANG_WARN_CONSTANT_CONVERSION = YES;
				CLANG_WARN_DIRECT_OBJC_ISA_USAGE = YES_ERROR;
				CLANG_WARN_DOCUMENTATION_COMMENTS = YES;
				CLANG_WARN_EMPTY_BODY = YES;
				CLANG_WARN_ENUM_CONVERSION = YES;
				CLANG_WARN_INFINITE_RECURSION = YES;
				CLANG_WARN_INT_CONVERSION = YES;
				CLANG_WARN_NON_LITERAL_NULL_CONVERSION = YES;
				CLANG_WARN_OBJC_LITERAL_CONVERSION = YES;
				CLANG_WARN_OBJC_ROOT_CLASS = YES_ERROR;
				CLANG_WARN_RANGE_LOOP_ANALYSIS = YES;
				CLANG_WARN_STRICT_PROTOTYPES = YES;
				CLANG_WARN_SUSPICIOUS_MOVE = YES;
				CLANG_WARN_UNGUARDED_AVAILABILITY = YES_AGGRESSIVE;
				CLANG_WARN_UNREACHABLE_CODE = YES;
				CLANG_WARN__DUPLICATE_METHOD_MATCH = YES;
				CODE_SIGN_IDENTITY = "iPhone Developer";
				COPY_PHASE_STRIP = NO;
				DEBUG_INFORMATION_FORMAT = "dwarf-with-dsym";
				ENABLE_NS_ASSERTIONS = NO;
				ENABLE_STRICT_OBJC_MSGSEND = YES;
				GCC_C_LANGUAGE_STANDARD = gnu11;
				GCC_NO_COMMON_BLOCKS = YES;
				GCC_WARN_64_TO_32_BIT_CONVERSION = YES;
				GCC_WARN_ABOUT_RETURN_TYPE = YES_ERROR;
				GCC_WARN_UNDECLARED_SELECTOR = YES;
				GCC_WARN_UNINITIALIZED_AUTOS = YES_AGGRESSIVE;
				GCC_WARN_UNUSED_FUNCTION = YES;
				GCC_WARN_UNUSED_VARIABLE = YES;
				IPHONEOS_DEPLOYMENT_TARGET = 11.0;
				MTL_ENABLE_DEBUG_INFO = NO;
				SDKROOT = iphoneos;
				SWIFT_OPTIMIZATION_LEVEL = "-Owholemodule";
				VALIDATE_PRODUCT = YES;
			};
			name = Release;
		};
		DA9518BE1F723B1B0072ED4B /* Debug */ = {
			isa = XCBuildConfiguration;
			baseConfigurationReference = A1B65EBDF22980C023B425CF /* Pods-joinus.debug.xcconfig */;
			buildSettings = {
				ASSETCATALOG_COMPILER_APPICON_NAME = AppIcon;
				CODE_SIGN_STYLE = Automatic;
				INFOPLIST_FILE = joinus/Info.plist;
				LD_RUNPATH_SEARCH_PATHS = "$(inherited) @executable_path/Frameworks";
				PRODUCT_BUNDLE_IDENTIFIER = com.bob.joinus;
				PRODUCT_NAME = "$(TARGET_NAME)";
				SWIFT_VERSION = 4.0;
				TARGETED_DEVICE_FAMILY = "1,2";
			};
			name = Debug;
		};
		DA9518BF1F723B1B0072ED4B /* Release */ = {
			isa = XCBuildConfiguration;
			baseConfigurationReference = 4C36797816EF3178686048F5 /* Pods-joinus.release.xcconfig */;
			buildSettings = {
				ASSETCATALOG_COMPILER_APPICON_NAME = AppIcon;
				CODE_SIGN_STYLE = Automatic;
				INFOPLIST_FILE = joinus/Info.plist;
				LD_RUNPATH_SEARCH_PATHS = "$(inherited) @executable_path/Frameworks";
				PRODUCT_BUNDLE_IDENTIFIER = com.bob.joinus;
				PRODUCT_NAME = "$(TARGET_NAME)";
				SWIFT_VERSION = 4.0;
				TARGETED_DEVICE_FAMILY = "1,2";
			};
			name = Release;
		};
		DA9518C11F723B1B0072ED4B /* Debug */ = {
			isa = XCBuildConfiguration;
			baseConfigurationReference = 118880BE9A245EBA27385CC1 /* Pods-joinusTests.debug.xcconfig */;
			buildSettings = {
				ALWAYS_EMBED_SWIFT_STANDARD_LIBRARIES = YES;
				BUNDLE_LOADER = "$(TEST_HOST)";
				CODE_SIGN_STYLE = Automatic;
				INFOPLIST_FILE = joinusTests/Info.plist;
				LD_RUNPATH_SEARCH_PATHS = "$(inherited) @executable_path/Frameworks @loader_path/Frameworks";
				PRODUCT_BUNDLE_IDENTIFIER = com.bob.joinusTests;
				PRODUCT_NAME = "$(TARGET_NAME)";
				SWIFT_VERSION = 4.0;
				TARGETED_DEVICE_FAMILY = "1,2";
				TEST_HOST = "$(BUILT_PRODUCTS_DIR)/joinus.app/joinus";
			};
			name = Debug;
		};
		DA9518C21F723B1B0072ED4B /* Release */ = {
			isa = XCBuildConfiguration;
			baseConfigurationReference = 7ABC16C06650D7723079E6EB /* Pods-joinusTests.release.xcconfig */;
			buildSettings = {
				ALWAYS_EMBED_SWIFT_STANDARD_LIBRARIES = YES;
				BUNDLE_LOADER = "$(TEST_HOST)";
				CODE_SIGN_STYLE = Automatic;
				INFOPLIST_FILE = joinusTests/Info.plist;
				LD_RUNPATH_SEARCH_PATHS = "$(inherited) @executable_path/Frameworks @loader_path/Frameworks";
				PRODUCT_BUNDLE_IDENTIFIER = com.bob.joinusTests;
				PRODUCT_NAME = "$(TARGET_NAME)";
				SWIFT_VERSION = 4.0;
				TARGETED_DEVICE_FAMILY = "1,2";
				TEST_HOST = "$(BUILT_PRODUCTS_DIR)/joinus.app/joinus";
			};
			name = Release;
		};
		DA9518C41F723B1B0072ED4B /* Debug */ = {
			isa = XCBuildConfiguration;
			baseConfigurationReference = 985E60EFDBC2683ACC88FC28 /* Pods-joinusUITests.debug.xcconfig */;
			buildSettings = {
				ALWAYS_EMBED_SWIFT_STANDARD_LIBRARIES = YES;
				CODE_SIGN_STYLE = Automatic;
				INFOPLIST_FILE = joinusUITests/Info.plist;
				LD_RUNPATH_SEARCH_PATHS = "$(inherited) @executable_path/Frameworks @loader_path/Frameworks";
				PRODUCT_BUNDLE_IDENTIFIER = com.bob.joinusUITests;
				PRODUCT_NAME = "$(TARGET_NAME)";
				SWIFT_VERSION = 4.0;
				TARGETED_DEVICE_FAMILY = "1,2";
				TEST_TARGET_NAME = joinus;
			};
			name = Debug;
		};
		DA9518C51F723B1B0072ED4B /* Release */ = {
			isa = XCBuildConfiguration;
			baseConfigurationReference = 3FB5F69D08A1549FB4324674 /* Pods-joinusUITests.release.xcconfig */;
			buildSettings = {
				ALWAYS_EMBED_SWIFT_STANDARD_LIBRARIES = YES;
				CODE_SIGN_STYLE = Automatic;
				INFOPLIST_FILE = joinusUITests/Info.plist;
				LD_RUNPATH_SEARCH_PATHS = "$(inherited) @executable_path/Frameworks @loader_path/Frameworks";
				PRODUCT_BUNDLE_IDENTIFIER = com.bob.joinusUITests;
				PRODUCT_NAME = "$(TARGET_NAME)";
				SWIFT_VERSION = 4.0;
				TARGETED_DEVICE_FAMILY = "1,2";
				TEST_TARGET_NAME = joinus;
			};
			name = Release;
		};
/* End XCBuildConfiguration section */

/* Begin XCConfigurationList section */
		DA9518901F723B1B0072ED4B /* Build configuration list for PBXProject "joinus" */ = {
			isa = XCConfigurationList;
			buildConfigurations = (
				DA9518BB1F723B1B0072ED4B /* Debug */,
				DA9518BC1F723B1B0072ED4B /* Release */,
			);
			defaultConfigurationIsVisible = 0;
			defaultConfigurationName = Release;
		};
		DA9518BD1F723B1B0072ED4B /* Build configuration list for PBXNativeTarget "joinus" */ = {
			isa = XCConfigurationList;
			buildConfigurations = (
				DA9518BE1F723B1B0072ED4B /* Debug */,
				DA9518BF1F723B1B0072ED4B /* Release */,
			);
			defaultConfigurationIsVisible = 0;
			defaultConfigurationName = Release;
		};
		DA9518C01F723B1B0072ED4B /* Build configuration list for PBXNativeTarget "joinusTests" */ = {
			isa = XCConfigurationList;
			buildConfigurations = (
				DA9518C11F723B1B0072ED4B /* Debug */,
				DA9518C21F723B1B0072ED4B /* Release */,
			);
			defaultConfigurationIsVisible = 0;
			defaultConfigurationName = Release;
		};
		DA9518C31F723B1B0072ED4B /* Build configuration list for PBXNativeTarget "joinusUITests" */ = {
			isa = XCConfigurationList;
			buildConfigurations = (
				DA9518C41F723B1B0072ED4B /* Debug */,
				DA9518C51F723B1B0072ED4B /* Release */,
			);
			defaultConfigurationIsVisible = 0;
			defaultConfigurationName = Release;
		};
/* End XCConfigurationList section */
	};
	rootObject = DA95188D1F723B1B0072ED4B /* Project object */;
}
